
Microsoft Visual Studio Solution File, Format Version 12.00
# Visual Studio Version 16
VisualStudioVersion = 16.0.29411.108
MinimumVisualStudioVersion = 10.0.40219.1
Project("{FAE04EC0-301F-11D3-BF4B-00C04F79EFBC}") = "MvcMovie", "MvcMovie.csproj", "{04E51155-CD36-46E2-8D18-36D23DB19963}"
EndProject
Global
	GlobalSection(SolutionConfigurationPlatforms) = preSolution
		Debug|Any CPU = Debug|Any CPU
		Release|Any CPU = Release|Any CPU
	EndGlobalSection
	GlobalSection(ProjectConfigurationPlatforms) = postSolution
		{04E51155-CD36-46E2-8D18-36D23DB19963}.Debug|Any CPU.ActiveCfg = Debug|Any CPU
		{04E51155-CD36-46E2-8D18-36D23DB19963}.Debug|Any CPU.Build.0 = Debug|Any CPU
		{04E51155-CD36-46E2-8D18-36D23DB19963}.Release|Any CPU.ActiveCfg = Release|Any CPU
		{04E51155-CD36-46E2-8D18-36D23DB19963}.Release|Any CPU.Build.0 = Release|Any CPU
	EndGlobalSection
	GlobalSection(SolutionProperties) = preSolution
		HideSolutionNode = FALSE
	EndGlobalSection
	GlobalSection(ExtensibilityGlobals) = postSolution
		SolutionGuid = {AB0ED154-2E34-4253-885A-036EDD65A9B3}
	EndGlobalSection
EndGlobal
